
Microsoft Visual Studio Solution File, Format Version 12.00
# Visual Studio Version 17
VisualStudioVersion = 17.0.31903.59
MinimumVisualStudioVersion = 10.0.40219.1
Project("{FAE04EC0-301F-11D3-BF4B-00C04F79EFBC}") = "PerfectKeyV1.Domain", "PerfectKeyV1.Domain\PerfectKeyV1.Domain.csproj", "{C214DDCF-1D08-44C3-8A55-F2B545547627}"
EndProject
Project("{FAE04EC0-301F-11D3-BF4B-00C04F79EFBC}") = "PerfectKeyV1.Application", "PerfectKeyV1.Application\PerfectKeyV1.Application.csproj", "{0BBDDA05-14C6-4346-9191-B89180D3CDF7}"
EndProject
Project("{FAE04EC0-301F-11D3-BF4B-00C04F79EFBC}") = "PerfectKeyV1.Infrastructure", "PerfectKeyV1.Infrastructure\PerfectKeyV1.Infrastructure.csproj", "{EE029B23-3CE5-42DE-BA13-5B48E30D203A}"
EndProject
Project("{FAE04EC0-301F-11D3-BF4B-00C04F79EFBC}") = "PerfectKeyV1.Api", "PerfectKeyV1.Api\PerfectKeyV1.Api.csproj", "{22D2A537-1AB5-4BE6-9886-0D85656F7F01}"
EndProject
Global
	GlobalSection(SolutionConfigurationPlatforms) = preSolution
		Debug|Any CPU = Debug|Any CPU
		Debug|x64 = Debug|x64
		Debug|x86 = Debug|x86
		Release|Any CPU = Release|Any CPU
		Release|x64 = Release|x64
		Release|x86 = Release|x86
	EndGlobalSection
	GlobalSection(ProjectConfigurationPlatforms) = postSolution
		{C214DDCF-1D08-44C3-8A55-F2B545547627}.Debug|Any CPU.ActiveCfg = Debug|Any CPU
		{C214DDCF-1D08-44C3-8A55-F2B545547627}.Debug|Any CPU.Build.0 = Debug|Any CPU
		{C214DDCF-1D08-44C3-8A55-F2B545547627}.Debug|x64.ActiveCfg = Debug|Any CPU
		{C214DDCF-1D08-44C3-8A55-F2B545547627}.Debug|x64.Build.0 = Debug|Any CPU
		{C214DDCF-1D08-44C3-8A55-F2B545547627}.Debug|x86.ActiveCfg = Debug|Any CPU
		{C214DDCF-1D08-44C3-8A55-F2B545547627}.Debug|x86.Build.0 = Debug|Any CPU
		{C214DDCF-1D08-44C3-8A55-F2B545547627}.Release|Any CPU.ActiveCfg = Release|Any CPU
		{C214DDCF-1D08-44C3-8A55-F2B545547627}.Release|Any CPU.Build.0 = Release|Any CPU
		{C214DDCF-1D08-44C3-8A55-F2B545547627}.Release|x64.ActiveCfg = Release|Any CPU
		{C214DDCF-1D08-44C3-8A55-F2B545547627}.Release|x64.Build.0 = Release|Any CPU
		{C214DDCF-1D08-44C3-8A55-F2B545547627}.Release|x86.ActiveCfg = Release|Any CPU
		{C214DDCF-1D08-44C3-8A55-F2B545547627}.Release|x86.Build.0 = Release|Any CPU
		{0BBDDA05-14C6-4346-9191-B89180D3CDF7}.Debug|Any CPU.ActiveCfg = Debug|Any CPU
		{0BBDDA05-14C6-4346-9191-B89180D3CDF7}.Debug|Any CPU.Build.0 = Debug|Any CPU
		{0BBDDA05-14C6-4346-9191-B89180D3CDF7}.Debug|x64.ActiveCfg = Debug|Any CPU
		{0BBDDA05-14C6-4346-9191-B89180D3CDF7}.Debug|x64.Build.0 = Debug|Any CPU
		{0BBDDA05-14C6-4346-9191-B89180D3CDF7}.Debug|x86.ActiveCfg = Debug|Any CPU
		{0BBDDA05-14C6-4346-9191-B89180D3CDF7}.Debug|x86.Build.0 = Debug|Any CPU
		{0BBDDA05-14C6-4346-9191-B89180D3CDF7}.Release|Any CPU.ActiveCfg = Release|Any CPU
		{0BBDDA05-14C6-4346-9191-B89180D3CDF7}.Release|Any CPU.Build.0 = Release|Any CPU
		{0BBDDA05-14C6-4346-9191-B89180D3CDF7}.Release|x64.ActiveCfg = Release|Any CPU
		{0BBDDA05-14C6-4346-9191-B89180D3CDF7}.Release|x64.Build.0 = Release|Any CPU
		{0BBDDA05-14C6-4346-9191-B89180D3CDF7}.Release|x86.ActiveCfg = Release|Any CPU
		{0BBDDA05-14C6-4346-9191-B89180D3CDF7}.Release|x86.Build.0 = Release|Any CPU
		{EE029B23-3CE5-42DE-BA13-5B48E30D203A}.Debug|Any CPU.ActiveCfg = Debug|Any CPU
		{EE029B23-3CE5-42DE-BA13-5B48E30D203A}.Debug|Any CPU.Build.0 = Debug|Any CPU
		{EE029B23-3CE5-42DE-BA13-5B48E30D203A}.Debug|x64.ActiveCfg = Debug|Any CPU
		{EE029B23-3CE5-42DE-BA13-5B48E30D203A}.Debug|x64.Build.0 = Debug|Any CPU
		{EE029B23-3CE5-42DE-BA13-5B48E30D203A}.Debug|x86.ActiveCfg = Debug|Any CPU
		{EE029B23-3CE5-42DE-BA13-5B48E30D203A}.Debug|x86.Build.0 = Debug|Any CPU
		{EE029B23-3CE5-42DE-BA13-5B48E30D203A}.Release|Any CPU.ActiveCfg = Release|Any CPU
		{EE029B23-3CE5-42DE-BA13-5B48E30D203A}.Release|Any CPU.Build.0 = Release|Any CPU
		{EE029B23-3CE5-42DE-BA13-5B48E30D203A}.Release|x64.ActiveCfg = Release|Any CPU
		{EE029B23-3CE5-42DE-BA13-5B48E30D203A}.Release|x64.Build.0 = Release|Any CPU
		{EE029B23-3CE5-42DE-BA13-5B48E30D203A}.Release|x86.ActiveCfg = Release|Any CPU
		{EE029B23-3CE5-42DE-BA13-5B48E30D203A}.Release|x86.Build.0 = Release|Any CPU
		{22D2A537-1AB5-4BE6-9886-0D85656F7F01}.Debug|Any CPU.ActiveCfg = Debug|Any CPU
		{22D2A537-1AB5-4BE6-9886-0D85656F7F01}.Debug|Any CPU.Build.0 = Debug|Any CPU
		{22D2A537-1AB5-4BE6-9886-0D85656F7F01}.Debug|x64.ActiveCfg = Debug|Any CPU
		{22D2A537-1AB5-4BE6-9886-0D85656F7F01}.Debug|x64.Build.0 = Debug|Any CPU
		{22D2A537-1AB5-4BE6-9886-0D85656F7F01}.Debug|x86.ActiveCfg = Debug|Any CPU
		{22D2A537-1AB5-4BE6-9886-0D85656F7F01}.Debug|x86.Build.0 = Debug|Any CPU
		{22D2A537-1AB5-4BE6-9886-0D85656F7F01}.Release|Any CPU.ActiveCfg = Release|Any CPU
		{22D2A537-1AB5-4BE6-9886-0D85656F7F01}.Release|Any CPU.Build.0 = Release|Any CPU
		{22D2A537-1AB5-4BE6-9886-0D85656F7F01}.Release|x64.ActiveCfg = Release|Any CPU
		{22D2A537-1AB5-4BE6-9886-0D85656F7F01}.Release|x64.Build.0 = Release|Any CPU
		{22D2A537-1AB5-4BE6-9886-0D85656F7F01}.Release|x86.ActiveCfg = Release|Any CPU
		{22D2A537-1AB5-4BE6-9886-0D85656F7F01}.Release|x86.Build.0 = Release|Any CPU
	EndGlobalSection
	GlobalSection(SolutionProperties) = preSolution
		HideSolutionNode = FALSE
	EndGlobalSection
EndGlobal
